
Microsoft Visual Studio Solution File, Format Version 12.00
# Visual Studio 14
VisualStudioVersion = 14.0.25420.1
MinimumVisualStudioVersion = 10.0.40219.1
Project("{FAE04EC0-301F-11D3-BF4B-00C04F79EFBC}") = "DentalManagementSystem", "DentalManagementSystem\DentalManagementSystem.csproj", "{7B77FADA-B3DA-464D-B33E-FBB1B87CE005}"
EndProject
Project("{FAE04EC0-301F-11D3-BF4B-00C04F79EFBC}") = "DataAccessLibrary", "DataAccessLibrary\DataAccessLibrary.csproj", "{B4B5EE91-88D4-490F-A13F-FD5B14D5678F}"
EndProject
Project("{FAE04EC0-301F-11D3-BF4B-00C04F79EFBC}") = "Models", "Models\Models.csproj", "{B2D2BBAB-0B70-40F1-BC05-0D5B88082338}"
EndProject
Global
	GlobalSection(SolutionConfigurationPlatforms) = preSolution
		Debug|Any CPU = Debug|Any CPU
		Debug|ARM = Debug|ARM
		Debug|x64 = Debug|x64
		Debug|x86 = Debug|x86
		Release|Any CPU = Release|Any CPU
		Release|ARM = Release|ARM
		Release|x64 = Release|x64
		Release|x86 = Release|x86
	EndGlobalSection
	GlobalSection(ProjectConfigurationPlatforms) = postSolution
		{7B77FADA-B3DA-464D-B33E-FBB1B87CE005}.Debug|Any CPU.ActiveCfg = Debug|x86
		{7B77FADA-B3DA-464D-B33E-FBB1B87CE005}.Debug|ARM.ActiveCfg = Debug|ARM
		{7B77FADA-B3DA-464D-B33E-FBB1B87CE005}.Debug|ARM.Build.0 = Debug|ARM
		{7B77FADA-B3DA-464D-B33E-FBB1B87CE005}.Debug|ARM.Deploy.0 = Debug|ARM
		{7B77FADA-B3DA-464D-B33E-FBB1B87CE005}.Debug|x64.ActiveCfg = Debug|x64
		{7B77FADA-B3DA-464D-B33E-FBB1B87CE005}.Debug|x64.Build.0 = Debug|x64
		{7B77FADA-B3DA-464D-B33E-FBB1B87CE005}.Debug|x64.Deploy.0 = Debug|x64
		{7B77FADA-B3DA-464D-B33E-FBB1B87CE005}.Debug|x86.ActiveCfg = Debug|x86
		{7B77FADA-B3DA-464D-B33E-FBB1B87CE005}.Debug|x86.Build.0 = Debug|x86
		{7B77FADA-B3DA-464D-B33E-FBB1B87CE005}.Debug|x86.Deploy.0 = Debug|x86
		{7B77FADA-B3DA-464D-B33E-FBB1B87CE005}.Release|Any CPU.ActiveCfg = Release|x86
		{7B77FADA-B3DA-464D-B33E-FBB1B87CE005}.Release|ARM.ActiveCfg = Release|ARM
		{7B77FADA-B3DA-464D-B33E-FBB1B87CE005}.Release|ARM.Build.0 = Release|ARM
		{7B77FADA-B3DA-464D-B33E-FBB1B87CE005}.Release|ARM.Deploy.0 = Release|ARM
		{7B77FADA-B3DA-464D-B33E-FBB1B87CE005}.Release|x64.ActiveCfg = Release|x64
		{7B77FADA-B3DA-464D-B33E-FBB1B87CE005}.Release|x64.Build.0 = Release|x64
		{7B77FADA-B3DA-464D-B33E-FBB1B87CE005}.Release|x64.Deploy.0 = Release|x64
		{7B77FADA-B3DA-464D-B33E-FBB1B87CE005}.Release|x86.ActiveCfg = Release|x86
		{7B77FADA-B3DA-464D-B33E-FBB1B87CE005}.Release|x86.Build.0 = Release|x86
		{7B77FADA-B3DA-464D-B33E-FBB1B87CE005}.Release|x86.Deploy.0 = Release|x86
		{B4B5EE91-88D4-490F-A13F-FD5B14D5678F}.Debug|Any CPU.ActiveCfg = Debug|Any CPU
		{B4B5EE91-88D4-490F-A13F-FD5B14D5678F}.Debug|Any CPU.Build.0 = Debug|Any CPU
		{B4B5EE91-88D4-490F-A13F-FD5B14D5678F}.Debug|ARM.ActiveCfg = Debug|ARM
		{B4B5EE91-88D4-490F-A13F-FD5B14D5678F}.Debug|ARM.Build.0 = Debug|ARM
		{B4B5EE91-88D4-490F-A13F-FD5B14D5678F}.Debug|x64.ActiveCfg = Debug|x64
		{B4B5EE91-88D4-490F-A13F-FD5B14D5678F}.Debug|x64.Build.0 = Debug|x64
		{B4B5EE91-88D4-490F-A13F-FD5B14D5678F}.Debug|x86.ActiveCfg = Debug|x86
		{B4B5EE91-88D4-490F-A13F-FD5B14D5678F}.Debug|x86.Build.0 = Debug|x86
		{B4B5EE91-88D4-490F-A13F-FD5B14D5678F}.Release|Any CPU.ActiveCfg = Release|Any CPU
		{B4B5EE91-88D4-490F-A13F-FD5B14D5678F}.Release|Any CPU.Build.0 = Release|Any CPU
		{B4B5EE91-88D4-490F-A13F-FD5B14D5678F}.Release|ARM.ActiveCfg = Release|ARM
		{B4B5EE91-88D4-490F-A13F-FD5B14D5678F}.Release|ARM.Build.0 = Release|ARM
		{B4B5EE91-88D4-490F-A13F-FD5B14D5678F}.Release|x64.ActiveCfg = Release|x64
		{B4B5EE91-88D4-490F-A13F-FD5B14D5678F}.Release|x64.Build.0 = Release|x64
		{B4B5EE91-88D4-490F-A13F-FD5B14D5678F}.Release|x86.ActiveCfg = Release|x86
		{B4B5EE91-88D4-490F-A13F-FD5B14D5678F}.Release|x86.Build.0 = Release|x86
		{B2D2BBAB-0B70-40F1-BC05-0D5B88082338}.Debug|Any CPU.ActiveCfg = Debug|Any CPU
		{B2D2BBAB-0B70-40F1-BC05-0D5B88082338}.Debug|Any CPU.Build.0 = Debug|Any CPU
		{B2D2BBAB-0B70-40F1-BC05-0D5B88082338}.Debug|ARM.ActiveCfg = Debug|ARM
		{B2D2BBAB-0B70-40F1-BC05-0D5B88082338}.Debug|ARM.Build.0 = Debug|ARM
		{B2D2BBAB-0B70-40F1-BC05-0D5B88082338}.Debug|x64.ActiveCfg = Debug|x64
		{B2D2BBAB-0B70-40F1-BC05-0D5B88082338}.Debug|x64.Build.0 = Debug|x64
		{B2D2BBAB-0B70-40F1-BC05-0D5B88082338}.Debug|x86.ActiveCfg = Debug|x86
		{B2D2BBAB-0B70-40F1-BC05-0D5B88082338}.Debug|x86.Build.0 = Debug|x86
		{B2D2BBAB-0B70-40F1-BC05-0D5B88082338}.Release|Any CPU.ActiveCfg = Release|Any CPU
		{B2D2BBAB-0B70-40F1-BC05-0D5B88082338}.Release|Any CPU.Build.0 = Release|Any CPU
		{B2D2BBAB-0B70-40F1-BC05-0D5B88082338}.Release|ARM.ActiveCfg = Release|ARM
		{B2D2BBAB-0B70-40F1-BC05-0D5B88082338}.Release|ARM.Build.0 = Release|ARM
		{B2D2BBAB-0B70-40F1-BC05-0D5B88082338}.Release|x64.ActiveCfg = Release|x64
		{B2D2BBAB-0B70-40F1-BC05-0D5B88082338}.Release|x64.Build.0 = Release|x64
		{B2D2BBAB-0B70-40F1-BC05-0D5B88082338}.Release|x86.ActiveCfg = Release|x86
		{B2D2BBAB-0B70-40F1-BC05-0D5B88082338}.Release|x86.Build.0 = Release|x86
	EndGlobalSection
	GlobalSection(SolutionProperties) = preSolution
		HideSolutionNode = FALSE
	EndGlobalSection
EndGlobal
